
Microsoft Visual Studio Solution File, Format Version 12.00
# Visual Studio Version 17
VisualStudioVersion = 17.4.33213.308
MinimumVisualStudioVersion = 10.0.40219.1
Project("{FAE04EC0-301F-11D3-BF4B-00C04F79EFBC}") = "MeteoApp", "MeteoApp\MeteoApp.csproj", "{DAE343E0-0363-491F-A3EC-B3D28D080285}"
EndProject
Global
	GlobalSection(SolutionConfigurationPlatforms) = preSolution
		Debug|Any CPU = Debug|Any CPU
		Release|Any CPU = Release|Any CPU
	EndGlobalSection
	GlobalSection(ProjectConfigurationPlatforms) = postSolution
		{DAE343E0-0363-491F-A3EC-B3D28D080285}.Debug|Any CPU.ActiveCfg = Debug|Any CPU
		{DAE343E0-0363-491F-A3EC-B3D28D080285}.Debug|Any CPU.Build.0 = Debug|Any CPU
		{DAE343E0-0363-491F-A3EC-B3D28D080285}.Release|Any CPU.ActiveCfg = Release|Any CPU
		{DAE343E0-0363-491F-A3EC-B3D28D080285}.Release|Any CPU.Build.0 = Release|Any CPU
	EndGlobalSection
	GlobalSection(SolutionProperties) = preSolution
		HideSolutionNode = FALSE
	EndGlobalSection
	GlobalSection(ExtensibilityGlobals) = postSolution
		SolutionGuid = {67387FC6-EF19-4E2D-ABDE-B52224921579}
	EndGlobalSection
EndGlobal
